
Microsoft Visual Studio Solution File, Format Version 12.00
# Visual Studio Version 17
VisualStudioVersion = 17.12.35527.113
MinimumVisualStudioVersion = 10.0.40219.1
Project("{FAE04EC0-301F-11D3-BF4B-00C04F79EFBC}") = "ZeroGdk.Client", "ZeroGdk.Client\ZeroGdk.Client.csproj", "{CD0129E6-7C4B-4086-AD52-7250E8763F58}"
EndProject
Project("{FAE04EC0-301F-11D3-BF4B-00C04F79EFBC}") = "ZeroGdk.Server", "ZeroGdk.Server\ZeroGdk.Server.csproj", "{5A54F073-586B-467E-BBF8-4FEC03F55DBA}"
EndProject
Project("{2150E333-8FDC-42A3-9474-1A3956D46DE8}") = "Demo", "Demo", "{84B5F129-2CB6-4B7F-A2D1-01D20D11B379}"
EndProject
Project("{FAE04EC0-301F-11D3-BF4B-00C04F79EFBC}") = "ZeroGdk.Demo", "Tests\ZeroGdk.Demo\ZeroGdk.Demo.csproj", "{22FDB376-ED47-4BD8-B75E-3FA2D0832829}"
EndProject
Project("{2150E333-8FDC-42A3-9474-1A3956D46DE8}") = "Library", "Library", "{B58CB0C9-C5CB-40D4-9A66-77AD47C6DF59}"
EndProject
Project("{FAE04EC0-301F-11D3-BF4B-00C04F79EFBC}") = "ZeroGdk.Core", "ZeroGdk.Core\ZeroGdk.Core.csproj", "{FD4F43B9-80AE-4248-8325-ED7AAF0B243A}"
EndProject
Project("{2150E333-8FDC-42A3-9474-1A3956D46DE8}") = "Tests", "Tests", "{034D6101-2588-4FA1-86BA-CE6E8F980238}"
EndProject
Project("{FAE04EC0-301F-11D3-BF4B-00C04F79EFBC}") = "ZeroGdk.Server.Tests", "Tests\ZeroGdk.Server.Tests\ZeroGdk.Server.Tests.csproj", "{68C63CA3-70CC-46AA-9BCA-760D4FDB8F11}"
EndProject
Project("{FAE04EC0-301F-11D3-BF4B-00C04F79EFBC}") = "ZeroGdk.Core.Tests", "Tests\ZeroGdk.Core.Tests\ZeroGdk.Core.Tests.csproj", "{6325C8A5-B31C-4D8B-8A48-16663662E9D4}"
EndProject
Project("{FAE04EC0-301F-11D3-BF4B-00C04F79EFBC}") = "Benchmark", "Tests\Benchmark\Benchmark.csproj", "{3E30FF8B-1F53-4426-BAFF-DB72C10B90A5}"
EndProject
Project("{FAE04EC0-301F-11D3-BF4B-00C04F79EFBC}") = "Arch", "Library\Arch\src\Arch\Arch.csproj", "{D083EB14-EDAA-4E22-8DEE-BA035790C217}"
EndProject
Global
	GlobalSection(SolutionConfigurationPlatforms) = preSolution
		Debug|Any CPU = Debug|Any CPU
		Release|Any CPU = Release|Any CPU
	EndGlobalSection
	GlobalSection(ProjectConfigurationPlatforms) = postSolution
		{CD0129E6-7C4B-4086-AD52-7250E8763F58}.Debug|Any CPU.ActiveCfg = Debug|Any CPU
		{CD0129E6-7C4B-4086-AD52-7250E8763F58}.Debug|Any CPU.Build.0 = Debug|Any CPU
		{CD0129E6-7C4B-4086-AD52-7250E8763F58}.Release|Any CPU.ActiveCfg = Release|Any CPU
		{CD0129E6-7C4B-4086-AD52-7250E8763F58}.Release|Any CPU.Build.0 = Release|Any CPU
		{5A54F073-586B-467E-BBF8-4FEC03F55DBA}.Debug|Any CPU.ActiveCfg = Debug|Any CPU
		{5A54F073-586B-467E-BBF8-4FEC03F55DBA}.Debug|Any CPU.Build.0 = Debug|Any CPU
		{5A54F073-586B-467E-BBF8-4FEC03F55DBA}.Release|Any CPU.ActiveCfg = Release|Any CPU
		{5A54F073-586B-467E-BBF8-4FEC03F55DBA}.Release|Any CPU.Build.0 = Release|Any CPU
		{22FDB376-ED47-4BD8-B75E-3FA2D0832829}.Debug|Any CPU.ActiveCfg = Debug|Any CPU
		{22FDB376-ED47-4BD8-B75E-3FA2D0832829}.Debug|Any CPU.Build.0 = Debug|Any CPU
		{22FDB376-ED47-4BD8-B75E-3FA2D0832829}.Release|Any CPU.ActiveCfg = Release|Any CPU
		{22FDB376-ED47-4BD8-B75E-3FA2D0832829}.Release|Any CPU.Build.0 = Release|Any CPU
		{FD4F43B9-80AE-4248-8325-ED7AAF0B243A}.Debug|Any CPU.ActiveCfg = Debug|Any CPU
		{FD4F43B9-80AE-4248-8325-ED7AAF0B243A}.Debug|Any CPU.Build.0 = Debug|Any CPU
		{FD4F43B9-80AE-4248-8325-ED7AAF0B243A}.Release|Any CPU.ActiveCfg = Release|Any CPU
		{FD4F43B9-80AE-4248-8325-ED7AAF0B243A}.Release|Any CPU.Build.0 = Release|Any CPU
		{68C63CA3-70CC-46AA-9BCA-760D4FDB8F11}.Debug|Any CPU.ActiveCfg = Debug|Any CPU
		{68C63CA3-70CC-46AA-9BCA-760D4FDB8F11}.Debug|Any CPU.Build.0 = Debug|Any CPU
		{68C63CA3-70CC-46AA-9BCA-760D4FDB8F11}.Release|Any CPU.ActiveCfg = Release|Any CPU
		{68C63CA3-70CC-46AA-9BCA-760D4FDB8F11}.Release|Any CPU.Build.0 = Release|Any CPU
		{6325C8A5-B31C-4D8B-8A48-16663662E9D4}.Debug|Any CPU.ActiveCfg = Debug|Any CPU
		{6325C8A5-B31C-4D8B-8A48-16663662E9D4}.Debug|Any CPU.Build.0 = Debug|Any CPU
		{6325C8A5-B31C-4D8B-8A48-16663662E9D4}.Release|Any CPU.ActiveCfg = Release|Any CPU
		{6325C8A5-B31C-4D8B-8A48-16663662E9D4}.Release|Any CPU.Build.0 = Release|Any CPU
		{3E30FF8B-1F53-4426-BAFF-DB72C10B90A5}.Debug|Any CPU.ActiveCfg = Debug|Any CPU
		{3E30FF8B-1F53-4426-BAFF-DB72C10B90A5}.Debug|Any CPU.Build.0 = Debug|Any CPU
		{3E30FF8B-1F53-4426-BAFF-DB72C10B90A5}.Release|Any CPU.ActiveCfg = Release|Any CPU
		{3E30FF8B-1F53-4426-BAFF-DB72C10B90A5}.Release|Any CPU.Build.0 = Release|Any CPU
		{D083EB14-EDAA-4E22-8DEE-BA035790C217}.Debug|Any CPU.ActiveCfg = Debug|Any CPU
		{D083EB14-EDAA-4E22-8DEE-BA035790C217}.Debug|Any CPU.Build.0 = Debug|Any CPU
		{D083EB14-EDAA-4E22-8DEE-BA035790C217}.Release|Any CPU.ActiveCfg = Release|Any CPU
		{D083EB14-EDAA-4E22-8DEE-BA035790C217}.Release|Any CPU.Build.0 = Release|Any CPU
	EndGlobalSection
	GlobalSection(SolutionProperties) = preSolution
		HideSolutionNode = FALSE
	EndGlobalSection
	GlobalSection(NestedProjects) = preSolution
		{22FDB376-ED47-4BD8-B75E-3FA2D0832829} = {84B5F129-2CB6-4B7F-A2D1-01D20D11B379}
		{68C63CA3-70CC-46AA-9BCA-760D4FDB8F11} = {034D6101-2588-4FA1-86BA-CE6E8F980238}
		{6325C8A5-B31C-4D8B-8A48-16663662E9D4} = {034D6101-2588-4FA1-86BA-CE6E8F980238}
		{3E30FF8B-1F53-4426-BAFF-DB72C10B90A5} = {034D6101-2588-4FA1-86BA-CE6E8F980238}
		{D083EB14-EDAA-4E22-8DEE-BA035790C217} = {B58CB0C9-C5CB-40D4-9A66-77AD47C6DF59}
	EndGlobalSection
EndGlobal
