
Microsoft Visual Studio Solution File, Format Version 12.00
# Visual Studio Version 17
VisualStudioVersion = 17.12.35527.113
MinimumVisualStudioVersion = 10.0.40219.1
Project("{FAE04EC0-301F-11D3-BF4B-00C04F79EFBC}") = "ZeroGdk.Client", "ZeroGdk.Client\ZeroGdk.Client.csproj", "{CD0129E6-7C4B-4086-AD52-7250E8763F58}"
EndProject
Project("{FAE04EC0-301F-11D3-BF4B-00C04F79EFBC}") = "ZeroGdk.Server", "ZeroGdk.Server\ZeroGdk.Server.csproj", "{5A54F073-586B-467E-BBF8-4FEC03F55DBA}"
EndProject
Project("{2150E333-8FDC-42A3-9474-1A3956D46DE8}") = "Demo", "Demo", "{84B5F129-2CB6-4B7F-A2D1-01D20D11B379}"
EndProject
Project("{FAE04EC0-301F-11D3-BF4B-00C04F79EFBC}") = "ZeroGdk.Demo", "Demo\ZeroGdk.Demo\ZeroGdk.Demo.csproj", "{22FDB376-ED47-4BD8-B75E-3FA2D0832829}"
EndProject
Project("{2150E333-8FDC-42A3-9474-1A3956D46DE8}") = "Tests", "Tests", "{034D6101-2588-4FA1-86BA-CE6E8F980238}"
EndProject
Project("{FAE04EC0-301F-11D3-BF4B-00C04F79EFBC}") = "ZeroGdk.Server.Tests", "Tests\ZeroGdk.Server.Tests\ZeroGdk.Server.Tests.csproj", "{68C63CA3-70CC-46AA-9BCA-760D4FDB8F11}"
EndProject
Project("{FAE04EC0-301F-11D3-BF4B-00C04F79EFBC}") = "ZeroGdk.Client.Tests", "Tests\ZeroGdk.Client.Tests\ZeroGdk.Client.Tests.csproj", "{66DC3D3A-720B-42A7-8EAB-B1F722CF7D7C}"
EndProject
Global
	GlobalSection(SolutionConfigurationPlatforms) = preSolution
		Debug|Any CPU = Debug|Any CPU
		Release|Any CPU = Release|Any CPU
	EndGlobalSection
	GlobalSection(ProjectConfigurationPlatforms) = postSolution
		{CD0129E6-7C4B-4086-AD52-7250E8763F58}.Debug|Any CPU.ActiveCfg = Debug|Any CPU
		{CD0129E6-7C4B-4086-AD52-7250E8763F58}.Debug|Any CPU.Build.0 = Debug|Any CPU
		{CD0129E6-7C4B-4086-AD52-7250E8763F58}.Release|Any CPU.ActiveCfg = Release|Any CPU
		{CD0129E6-7C4B-4086-AD52-7250E8763F58}.Release|Any CPU.Build.0 = Release|Any CPU
		{5A54F073-586B-467E-BBF8-4FEC03F55DBA}.Debug|Any CPU.ActiveCfg = Debug|Any CPU
		{5A54F073-586B-467E-BBF8-4FEC03F55DBA}.Debug|Any CPU.Build.0 = Debug|Any CPU
		{5A54F073-586B-467E-BBF8-4FEC03F55DBA}.Release|Any CPU.ActiveCfg = Release|Any CPU
		{5A54F073-586B-467E-BBF8-4FEC03F55DBA}.Release|Any CPU.Build.0 = Release|Any CPU
		{22FDB376-ED47-4BD8-B75E-3FA2D0832829}.Debug|Any CPU.ActiveCfg = Debug|Any CPU
		{22FDB376-ED47-4BD8-B75E-3FA2D0832829}.Debug|Any CPU.Build.0 = Debug|Any CPU
		{22FDB376-ED47-4BD8-B75E-3FA2D0832829}.Release|Any CPU.ActiveCfg = Release|Any CPU
		{22FDB376-ED47-4BD8-B75E-3FA2D0832829}.Release|Any CPU.Build.0 = Release|Any CPU
		{68C63CA3-70CC-46AA-9BCA-760D4FDB8F11}.Debug|Any CPU.ActiveCfg = Debug|Any CPU
		{68C63CA3-70CC-46AA-9BCA-760D4FDB8F11}.Debug|Any CPU.Build.0 = Debug|Any CPU
		{68C63CA3-70CC-46AA-9BCA-760D4FDB8F11}.Release|Any CPU.ActiveCfg = Release|Any CPU
		{68C63CA3-70CC-46AA-9BCA-760D4FDB8F11}.Release|Any CPU.Build.0 = Release|Any CPU
		{66DC3D3A-720B-42A7-8EAB-B1F722CF7D7C}.Debug|Any CPU.ActiveCfg = Debug|Any CPU
		{66DC3D3A-720B-42A7-8EAB-B1F722CF7D7C}.Debug|Any CPU.Build.0 = Debug|Any CPU
		{66DC3D3A-720B-42A7-8EAB-B1F722CF7D7C}.Release|Any CPU.ActiveCfg = Release|Any CPU
		{66DC3D3A-720B-42A7-8EAB-B1F722CF7D7C}.Release|Any CPU.Build.0 = Release|Any CPU
	EndGlobalSection
	GlobalSection(SolutionProperties) = preSolution
		HideSolutionNode = FALSE
	EndGlobalSection
	GlobalSection(NestedProjects) = preSolution
		{22FDB376-ED47-4BD8-B75E-3FA2D0832829} = {84B5F129-2CB6-4B7F-A2D1-01D20D11B379}
		{68C63CA3-70CC-46AA-9BCA-760D4FDB8F11} = {034D6101-2588-4FA1-86BA-CE6E8F980238}
		{66DC3D3A-720B-42A7-8EAB-B1F722CF7D7C} = {034D6101-2588-4FA1-86BA-CE6E8F980238}
	EndGlobalSection
EndGlobal
